
Microsoft Visual Studio Solution File, Format Version 12.00
# Visual Studio 15
VisualStudioVersion = 15.0.28010.2016
MinimumVisualStudioVersion = 10.0.40219.1
Project("{FAE04EC0-301F-11D3-BF4B-00C04F79EFBC}") = "Song Manager", "Song Manager\Song Manager.csproj", "{2F3FA217-2DB0-4958-B059-2A3A4B8A3E39}"
EndProject
Global
	GlobalSection(SolutionConfigurationPlatforms) = preSolution
		Debug|Any CPU = Debug|Any CPU
		Release|Any CPU = Release|Any CPU
	EndGlobalSection
	GlobalSection(ProjectConfigurationPlatforms) = postSolution
		{2F3FA217-2DB0-4958-B059-2A3A4B8A3E39}.Debug|Any CPU.ActiveCfg = Debug|Any CPU
		{2F3FA217-2DB0-4958-B059-2A3A4B8A3E39}.Debug|Any CPU.Build.0 = Debug|Any CPU
		{2F3FA217-2DB0-4958-B059-2A3A4B8A3E39}.Release|Any CPU.ActiveCfg = Release|Any CPU
		{2F3FA217-2DB0-4958-B059-2A3A4B8A3E39}.Release|Any CPU.Build.0 = Release|Any CPU
	EndGlobalSection
	GlobalSection(SolutionProperties) = preSolution
		HideSolutionNode = FALSE
	EndGlobalSection
	GlobalSection(ExtensibilityGlobals) = postSolution
		SolutionGuid = {CC75AE7A-CEF0-4AF5-8E61-155D4A836261}
	EndGlobalSection
EndGlobal
